
Microsoft Visual Studio Solution File, Format Version 12.00
# Visual Studio Version 17
VisualStudioVersion = 17.8.34322.80
MinimumVisualStudioVersion = 10.0.40219.1
Project("{FAE04EC0-301F-11D3-BF4B-00C04F79EFBC}") = "RepTestsConsole", "RepTestsConsole\RepTestsConsole.csproj", "{78EB0BA4-ECE7-4F9A-B92D-075EB67008A2}"
EndProject
Project("{FAE04EC0-301F-11D3-BF4B-00C04F79EFBC}") = "SomeClassLibrary", "SomeClassLibrary\SomeClassLibrary.csproj", "{04811166-EA19-4865-A6AB-49680BD2C084}"
EndProject
Global
	GlobalSection(SolutionConfigurationPlatforms) = preSolution
		Debug|Any CPU = Debug|Any CPU
		Release|Any CPU = Release|Any CPU
	EndGlobalSection
	GlobalSection(ProjectConfigurationPlatforms) = postSolution
		{78EB0BA4-ECE7-4F9A-B92D-075EB67008A2}.Debug|Any CPU.ActiveCfg = Debug|Any CPU
		{78EB0BA4-ECE7-4F9A-B92D-075EB67008A2}.Debug|Any CPU.Build.0 = Debug|Any CPU
		{78EB0BA4-ECE7-4F9A-B92D-075EB67008A2}.Release|Any CPU.ActiveCfg = Release|Any CPU
		{78EB0BA4-ECE7-4F9A-B92D-075EB67008A2}.Release|Any CPU.Build.0 = Release|Any CPU
		{04811166-EA19-4865-A6AB-49680BD2C084}.Debug|Any CPU.ActiveCfg = Debug|Any CPU
		{04811166-EA19-4865-A6AB-49680BD2C084}.Debug|Any CPU.Build.0 = Debug|Any CPU
		{04811166-EA19-4865-A6AB-49680BD2C084}.Release|Any CPU.ActiveCfg = Release|Any CPU
		{04811166-EA19-4865-A6AB-49680BD2C084}.Release|Any CPU.Build.0 = Release|Any CPU
	EndGlobalSection
	GlobalSection(SolutionProperties) = preSolution
		HideSolutionNode = FALSE
	EndGlobalSection
	GlobalSection(ExtensibilityGlobals) = postSolution
		SolutionGuid = {379B9CB0-7B60-42E9-B281-B2F07693C07F}
	EndGlobalSection
EndGlobal
