{
  "version": 1,
  "dependencies": {
    "net10.0": {
      "someclasslibrary": {
        "type": "Project",
        "dependencies": {
          "SomeNativeLib": "[1.0.0, )"
        }
      },
      "somenativelib": {
        "type": "Project"
      }
    },
    "net6.0": {
      "someclasslibrary": {
        "type": "Project",
        "dependencies": {
          "SomeNativeLib": "[1.0.0, )"
        }
      },
      "somenativelib": {
        "type": "Project"
      }
    }
  }
}